
Microsoft Visual Studio Solution File, Format Version 12.00
# Visual Studio Version 17
VisualStudioVersion = 17.11.35303.130
MinimumVisualStudioVersion = 10.0.40219.1
Project("{FAE04EC0-301F-11D3-BF4B-00C04F79EFBC}") = "task-management-app", "task-management-app\task-management-app.csproj", "{478FC5C4-B2ED-4484-88BD-195905ACB4C8}"
EndProject
Global
	GlobalSection(SolutionConfigurationPlatforms) = preSolution
		Debug|Any CPU = Debug|Any CPU
		Release|Any CPU = Release|Any CPU
	EndGlobalSection
	GlobalSection(ProjectConfigurationPlatforms) = postSolution
		{478FC5C4-B2ED-4484-88BD-195905ACB4C8}.Debug|Any CPU.ActiveCfg = Debug|Any CPU
		{478FC5C4-B2ED-4484-88BD-195905ACB4C8}.Debug|Any CPU.Build.0 = Debug|Any CPU
		{478FC5C4-B2ED-4484-88BD-195905ACB4C8}.Release|Any CPU.ActiveCfg = Release|Any CPU
		{478FC5C4-B2ED-4484-88BD-195905ACB4C8}.Release|Any CPU.Build.0 = Release|Any CPU
	EndGlobalSection
	GlobalSection(SolutionProperties) = preSolution
		HideSolutionNode = FALSE
	EndGlobalSection
	GlobalSection(ExtensibilityGlobals) = postSolution
		SolutionGuid = {87736485-58A7-46A1-A56E-A81FAFEA0DFB}
	EndGlobalSection
EndGlobal
